
Microsoft Visual Studio Solution File, Format Version 12.00
# Visual Studio Version 17
VisualStudioVersion = 17.0.31903.59
MinimumVisualStudioVersion = 10.0.40219.1
Project("{FAE04EC0-301F-11D3-BF4B-00C04F79EFBC}") = "HelloCS", "HelloCS\HelloCS.csproj", "{A0EE83A1-8EFA-4B25-8AE8-7D4C93D4A237}"
EndProject
Project("{FAE04EC0-301F-11D3-BF4B-00C04F79EFBC}") = "AboutMyEnvironment", "AboutMyEnvironment\AboutMyEnvironment.csproj", "{129509ED-3DAF-41BF-8842-A6C3B8BCEFF1}"
EndProject
Global
	GlobalSection(SolutionConfigurationPlatforms) = preSolution
		Debug|Any CPU = Debug|Any CPU
		Release|Any CPU = Release|Any CPU
	EndGlobalSection
	GlobalSection(SolutionProperties) = preSolution
		HideSolutionNode = FALSE
	EndGlobalSection
	GlobalSection(ProjectConfigurationPlatforms) = postSolution
		{A0EE83A1-8EFA-4B25-8AE8-7D4C93D4A237}.Debug|Any CPU.ActiveCfg = Debug|Any CPU
		{A0EE83A1-8EFA-4B25-8AE8-7D4C93D4A237}.Debug|Any CPU.Build.0 = Debug|Any CPU
		{A0EE83A1-8EFA-4B25-8AE8-7D4C93D4A237}.Release|Any CPU.ActiveCfg = Release|Any CPU
		{A0EE83A1-8EFA-4B25-8AE8-7D4C93D4A237}.Release|Any CPU.Build.0 = Release|Any CPU
		{129509ED-3DAF-41BF-8842-A6C3B8BCEFF1}.Debug|Any CPU.ActiveCfg = Debug|Any CPU
		{129509ED-3DAF-41BF-8842-A6C3B8BCEFF1}.Debug|Any CPU.Build.0 = Debug|Any CPU
		{129509ED-3DAF-41BF-8842-A6C3B8BCEFF1}.Release|Any CPU.ActiveCfg = Release|Any CPU
		{129509ED-3DAF-41BF-8842-A6C3B8BCEFF1}.Release|Any CPU.Build.0 = Release|Any CPU
	EndGlobalSection
EndGlobal
